
Microsoft Visual Studio Solution File, Format Version 12.00
# Visual Studio 15
VisualStudioVersion = 15.0.26730.10
MinimumVisualStudioVersion = 10.0.40219.1
Project("{FAE04EC0-301F-11D3-BF4B-00C04F79EFBC}") = "Matrix Add And Subtract", "Matrix Add And Subtyract\Matrix Add And Subtract.csproj", "{6D7B3B24-0BBB-4644-B44E-6951B6F2D70A}"
EndProject
Global
	GlobalSection(SolutionConfigurationPlatforms) = preSolution
		Debug|Any CPU = Debug|Any CPU
		Release|Any CPU = Release|Any CPU
	EndGlobalSection
	GlobalSection(ProjectConfigurationPlatforms) = postSolution
		{6D7B3B24-0BBB-4644-B44E-6951B6F2D70A}.Debug|Any CPU.ActiveCfg = Debug|Any CPU
		{6D7B3B24-0BBB-4644-B44E-6951B6F2D70A}.Debug|Any CPU.Build.0 = Debug|Any CPU
		{6D7B3B24-0BBB-4644-B44E-6951B6F2D70A}.Release|Any CPU.ActiveCfg = Release|Any CPU
		{6D7B3B24-0BBB-4644-B44E-6951B6F2D70A}.Release|Any CPU.Build.0 = Release|Any CPU
	EndGlobalSection
	GlobalSection(SolutionProperties) = preSolution
		HideSolutionNode = FALSE
	EndGlobalSection
	GlobalSection(ExtensibilityGlobals) = postSolution
		SolutionGuid = {DF318554-249A-435D-B35A-82B9F9695553}
	EndGlobalSection
EndGlobal
